
Microsoft Visual Studio Solution File, Format Version 12.00
# Visual Studio Version 17
VisualStudioVersion = 17.5.33502.453
MinimumVisualStudioVersion = 10.0.40219.1
Project("{9A19103F-16F7-4668-BE54-9A1E7A4F7556}") = "Identity.API", "src\Identity.API\Identity.API.csproj", "{3B1B1FB7-7B20-4D3D-8A91-065516A4C961}"
EndProject
Project("{9A19103F-16F7-4668-BE54-9A1E7A4F7556}") = "Customers.API", "src\Customers.API\Customers.API.csproj", "{E33ABBB8-19FA-451E-A7CA-3F4B8DD731B8}"
EndProject
Project("{9A19103F-16F7-4668-BE54-9A1E7A4F7556}") = "Catalog.API", "src\Catalog.API\Catalog.API.csproj", "{E3C3541A-6E43-4F14-AB8B-B8DB33F7B73F}"
EndProject
Project("{9A19103F-16F7-4668-BE54-9A1E7A4F7556}") = "Ordering.API", "src\Ordering.API\Ordering.API.csproj", "{ABE2B1D2-06D6-4D42-8163-0E83190B60DE}"
EndProject
Project("{9A19103F-16F7-4668-BE54-9A1E7A4F7556}") = "Inventory.API", "src\Inventory.API\Inventory.API.csproj", "{466FC858-72D2-463D-A28F-821975CAAADB}"
EndProject
Project("{E53339B2-1760-4266-BCC7-CA923CBCF16C}") = "docker-compose", "docker-compose.dcproj", "{03617130-C538-43DA-8788-FD527FD8A7B2}"
EndProject
Project("{2150E333-8FDC-42A3-9474-1A3956D46DE8}") = "Services", "Services", "{D0CF30CA-7702-4469-BA16-595A8775BE13}"
EndProject
Project("{D954291E-2A0B-460D-934E-DC6B0785DB48}") = "Common.Infrastructure", "src\Common.Infrastructure\Common.Infrastructure.shproj", "{4549DB7E-893D-4010-BC0E-C7D3F01923B5}"
EndProject
Project("{9A19103F-16F7-4668-BE54-9A1E7A4F7556}") = "Payments.API", "src\Payments.API\Payments.API.csproj", "{07F5FEB4-69A7-4937-9189-EDCB7AA5A607}"
EndProject
Global
	GlobalSection(SolutionConfigurationPlatforms) = preSolution
		Debug|Any CPU = Debug|Any CPU
		Release|Any CPU = Release|Any CPU
	EndGlobalSection
	GlobalSection(ProjectConfigurationPlatforms) = postSolution
		{3B1B1FB7-7B20-4D3D-8A91-065516A4C961}.Debug|Any CPU.ActiveCfg = Debug|Any CPU
		{3B1B1FB7-7B20-4D3D-8A91-065516A4C961}.Debug|Any CPU.Build.0 = Debug|Any CPU
		{3B1B1FB7-7B20-4D3D-8A91-065516A4C961}.Release|Any CPU.ActiveCfg = Release|Any CPU
		{3B1B1FB7-7B20-4D3D-8A91-065516A4C961}.Release|Any CPU.Build.0 = Release|Any CPU
		{E33ABBB8-19FA-451E-A7CA-3F4B8DD731B8}.Debug|Any CPU.ActiveCfg = Debug|Any CPU
		{E33ABBB8-19FA-451E-A7CA-3F4B8DD731B8}.Debug|Any CPU.Build.0 = Debug|Any CPU
		{E33ABBB8-19FA-451E-A7CA-3F4B8DD731B8}.Release|Any CPU.ActiveCfg = Release|Any CPU
		{E33ABBB8-19FA-451E-A7CA-3F4B8DD731B8}.Release|Any CPU.Build.0 = Release|Any CPU
		{E3C3541A-6E43-4F14-AB8B-B8DB33F7B73F}.Debug|Any CPU.ActiveCfg = Debug|Any CPU
		{E3C3541A-6E43-4F14-AB8B-B8DB33F7B73F}.Debug|Any CPU.Build.0 = Debug|Any CPU
		{E3C3541A-6E43-4F14-AB8B-B8DB33F7B73F}.Release|Any CPU.ActiveCfg = Release|Any CPU
		{E3C3541A-6E43-4F14-AB8B-B8DB33F7B73F}.Release|Any CPU.Build.0 = Release|Any CPU
		{ABE2B1D2-06D6-4D42-8163-0E83190B60DE}.Debug|Any CPU.ActiveCfg = Debug|Any CPU
		{ABE2B1D2-06D6-4D42-8163-0E83190B60DE}.Debug|Any CPU.Build.0 = Debug|Any CPU
		{ABE2B1D2-06D6-4D42-8163-0E83190B60DE}.Release|Any CPU.ActiveCfg = Release|Any CPU
		{ABE2B1D2-06D6-4D42-8163-0E83190B60DE}.Release|Any CPU.Build.0 = Release|Any CPU
		{466FC858-72D2-463D-A28F-821975CAAADB}.Debug|Any CPU.ActiveCfg = Debug|Any CPU
		{466FC858-72D2-463D-A28F-821975CAAADB}.Debug|Any CPU.Build.0 = Debug|Any CPU
		{466FC858-72D2-463D-A28F-821975CAAADB}.Release|Any CPU.ActiveCfg = Release|Any CPU
		{466FC858-72D2-463D-A28F-821975CAAADB}.Release|Any CPU.Build.0 = Release|Any CPU
		{03617130-C538-43DA-8788-FD527FD8A7B2}.Debug|Any CPU.ActiveCfg = Debug|Any CPU
		{03617130-C538-43DA-8788-FD527FD8A7B2}.Debug|Any CPU.Build.0 = Debug|Any CPU
		{03617130-C538-43DA-8788-FD527FD8A7B2}.Release|Any CPU.ActiveCfg = Release|Any CPU
		{03617130-C538-43DA-8788-FD527FD8A7B2}.Release|Any CPU.Build.0 = Release|Any CPU
		{07F5FEB4-69A7-4937-9189-EDCB7AA5A607}.Debug|Any CPU.ActiveCfg = Debug|Any CPU
		{07F5FEB4-69A7-4937-9189-EDCB7AA5A607}.Debug|Any CPU.Build.0 = Debug|Any CPU
		{07F5FEB4-69A7-4937-9189-EDCB7AA5A607}.Release|Any CPU.ActiveCfg = Release|Any CPU
		{07F5FEB4-69A7-4937-9189-EDCB7AA5A607}.Release|Any CPU.Build.0 = Release|Any CPU
	EndGlobalSection
	GlobalSection(SolutionProperties) = preSolution
		HideSolutionNode = FALSE
	EndGlobalSection
	GlobalSection(NestedProjects) = preSolution
		{3B1B1FB7-7B20-4D3D-8A91-065516A4C961} = {D0CF30CA-7702-4469-BA16-595A8775BE13}
		{E33ABBB8-19FA-451E-A7CA-3F4B8DD731B8} = {D0CF30CA-7702-4469-BA16-595A8775BE13}
		{E3C3541A-6E43-4F14-AB8B-B8DB33F7B73F} = {D0CF30CA-7702-4469-BA16-595A8775BE13}
		{ABE2B1D2-06D6-4D42-8163-0E83190B60DE} = {D0CF30CA-7702-4469-BA16-595A8775BE13}
		{466FC858-72D2-463D-A28F-821975CAAADB} = {D0CF30CA-7702-4469-BA16-595A8775BE13}
		{07F5FEB4-69A7-4937-9189-EDCB7AA5A607} = {D0CF30CA-7702-4469-BA16-595A8775BE13}
	EndGlobalSection
	GlobalSection(ExtensibilityGlobals) = postSolution
		SolutionGuid = {8816C948-94CF-491F-B427-7E5018A97F68}
	EndGlobalSection
	GlobalSection(SharedMSBuildProjectFiles) = preSolution
		src\Common.Infrastructure\Common.Infrastructure.projitems*{07f5feb4-69a7-4937-9189-edcb7aa5a607}*SharedItemsImports = 5
		src\Common.Infrastructure\Common.Infrastructure.projitems*{3b1b1fb7-7b20-4d3d-8a91-065516a4c961}*SharedItemsImports = 5
		src\Common.Infrastructure\Common.Infrastructure.projitems*{4549db7e-893d-4010-bc0e-c7d3f01923b5}*SharedItemsImports = 13
		src\Common.Infrastructure\Common.Infrastructure.projitems*{466fc858-72d2-463d-a28f-821975caaadb}*SharedItemsImports = 5
		src\Common.Infrastructure\Common.Infrastructure.projitems*{abe2b1d2-06d6-4d42-8163-0e83190b60de}*SharedItemsImports = 5
		src\Common.Infrastructure\Common.Infrastructure.projitems*{e33abbb8-19fa-451e-a7ca-3f4b8dd731b8}*SharedItemsImports = 5
		src\Common.Infrastructure\Common.Infrastructure.projitems*{e3c3541a-6e43-4f14-ab8b-b8db33f7b73f}*SharedItemsImports = 5
	EndGlobalSection
EndGlobal
